
Microsoft Visual Studio Solution File, Format Version 12.00
# Visual Studio Version 16
VisualStudioVersion = 16.0.30204.135
MinimumVisualStudioVersion = 10.0.40219.1
Project("{FAE04EC0-301F-11D3-BF4B-00C04F79EFBC}") = "QL_KHACHSAN", "QL_KHACHSAN.csproj", "{621619EE-BA85-4830-B311-2943641DF34E}"
EndProject
Global
	GlobalSection(SolutionConfigurationPlatforms) = preSolution
		Debug|Any CPU = Debug|Any CPU
		Release|Any CPU = Release|Any CPU
	EndGlobalSection
	GlobalSection(ProjectConfigurationPlatforms) = postSolution
		{621619EE-BA85-4830-B311-2943641DF34E}.Debug|Any CPU.ActiveCfg = Debug|Any CPU
		{621619EE-BA85-4830-B311-2943641DF34E}.Debug|Any CPU.Build.0 = Debug|Any CPU
		{621619EE-BA85-4830-B311-2943641DF34E}.Release|Any CPU.ActiveCfg = Release|Any CPU
		{621619EE-BA85-4830-B311-2943641DF34E}.Release|Any CPU.Build.0 = Release|Any CPU
	EndGlobalSection
	GlobalSection(SolutionProperties) = preSolution
		HideSolutionNode = FALSE
	EndGlobalSection
	GlobalSection(ExtensibilityGlobals) = postSolution
		SolutionGuid = {20FA0DCB-AF72-4006-92CF-F4C02B76A1C8}
	EndGlobalSection
EndGlobal
